# Human approval lock for MASTER_CONTEXT.md
# AI agents must NOT edit this file. Humans update after reviewing MASTER_CONTEXT.md changes.
version: 1
file: .ai/control/MASTER_CONTEXT.md
sha256: e58064dae8cc77981886e8204f692e069cd66162e355d8091c4fdeea3ed5e70e
approved_by: Lowell
approved_at: "2026-06-03T17:19:22+00:00"
approval_note: "Initial master context with control-plane enforcement"
