# Human approval lock for MASTER_CONTEXT.md
# AI agents must NOT edit this file. Humans update after reviewing MASTER_CONTEXT.md changes.
# Enforcement is CODEOWNERS + branch protection (ADR-0009); this lock is tamper-evidence.
version: 1
file: .ai/control/MASTER_CONTEXT.md
sha256: e58064dae8cc77981886e8204f692e069cd66162e355d8091c4fdeea3ed5e70e
approved_by: lowelltwong-alt
approved_at: "2026-06-04T13:30:22+00:00"
approved_commit: 63d74b4ff919c3f9e27e98e25518d51f54dd458b
approval_note: "CODEOWNERS set to lowelltwong-alt; branch protection action pending"
